# This file was autogenerated by Stack.
# You should not edit this file by hand.
# For more information, please see the documentation at:
#   https://docs.haskellstack.org/en/stable/lock_files

packages:
- completed:
    hackage: selda-postgresql-0.1.8.1@sha256:01d39fa862e2495ce01d06a1ec7b75faa91d71783deb8b2cd3d612ef518780cf,1355
    pantry-tree:
      size: 316
      sha256: 1b511527d0ad8cc6b3ac20a1647927cf936ff4ee05df78edec7d34aa525fae00
  original:
    hackage: selda-postgresql-0.1.8.1
snapshots:
- completed:
    size: 531674
    url: https://raw.githubusercontent.com/commercialhaskell/stackage-snapshots/master/lts/16/2.yaml
    sha256: 4b08fb9338ca297de7ade8318f4be1216f14dff8c0426c001fb7886ee88cb84a
  original: lts-16.2
